
Microsoft Visual Studio Solution File, Format Version 12.00
# Visual Studio Version 17
VisualStudioVersion = 17.12.35527.113
MinimumVisualStudioVersion = 10.0.40219.1
Project("{FAE04EC0-301F-11D3-BF4B-00C04F79EFBC}") = "CardanoGrid", "CardanoGrille\CardanoGrid.csproj", "{37CCEA7F-2C10-488B-BD33-A18F28FE7080}"
EndProject
Project("{FAE04EC0-301F-11D3-BF4B-00C04F79EFBC}") = "BitPermutations", "BitPermutations\BitPermutations.csproj", "{9B2FB12F-2868-4877-959B-39FC75139B30}"
EndProject
Project("{FAE04EC0-301F-11D3-BF4B-00C04F79EFBC}") = "RC6", "RC6\RC6.csproj", "{3D349255-B759-4795-B061-5D059FF5AD91}"
EndProject
Global
	GlobalSection(SolutionConfigurationPlatforms) = preSolution
		Debug|Any CPU = Debug|Any CPU
		Release|Any CPU = Release|Any CPU
	EndGlobalSection
	GlobalSection(ProjectConfigurationPlatforms) = postSolution
		{37CCEA7F-2C10-488B-BD33-A18F28FE7080}.Debug|Any CPU.ActiveCfg = Debug|Any CPU
		{37CCEA7F-2C10-488B-BD33-A18F28FE7080}.Debug|Any CPU.Build.0 = Debug|Any CPU
		{37CCEA7F-2C10-488B-BD33-A18F28FE7080}.Release|Any CPU.ActiveCfg = Release|Any CPU
		{37CCEA7F-2C10-488B-BD33-A18F28FE7080}.Release|Any CPU.Build.0 = Release|Any CPU
		{9B2FB12F-2868-4877-959B-39FC75139B30}.Debug|Any CPU.ActiveCfg = Debug|Any CPU
		{9B2FB12F-2868-4877-959B-39FC75139B30}.Debug|Any CPU.Build.0 = Debug|Any CPU
		{9B2FB12F-2868-4877-959B-39FC75139B30}.Release|Any CPU.ActiveCfg = Release|Any CPU
		{9B2FB12F-2868-4877-959B-39FC75139B30}.Release|Any CPU.Build.0 = Release|Any CPU
		{3D349255-B759-4795-B061-5D059FF5AD91}.Debug|Any CPU.ActiveCfg = Debug|Any CPU
		{3D349255-B759-4795-B061-5D059FF5AD91}.Debug|Any CPU.Build.0 = Debug|Any CPU
		{3D349255-B759-4795-B061-5D059FF5AD91}.Release|Any CPU.ActiveCfg = Release|Any CPU
		{3D349255-B759-4795-B061-5D059FF5AD91}.Release|Any CPU.Build.0 = Release|Any CPU
	EndGlobalSection
	GlobalSection(SolutionProperties) = preSolution
		HideSolutionNode = FALSE
	EndGlobalSection
EndGlobal
